
Microsoft Visual Studio Solution File, Format Version 12.00
# Visual Studio Version 17
VisualStudioVersion = 17.11.35327.3
MinimumVisualStudioVersion = 10.0.40219.1
Project("{FAE04EC0-301F-11D3-BF4B-00C04F79EFBC}") = "Strategy_Pattern", "Strategy_Pattern\Strategy_Pattern.csproj", "{B0BD9095-3636-4A5B-90CD-C2862130CA6C}"
EndProject
Global
	GlobalSection(SolutionConfigurationPlatforms) = preSolution
		Debug|Any CPU = Debug|Any CPU
		Release|Any CPU = Release|Any CPU
	EndGlobalSection
	GlobalSection(ProjectConfigurationPlatforms) = postSolution
		{B0BD9095-3636-4A5B-90CD-C2862130CA6C}.Debug|Any CPU.ActiveCfg = Debug|Any CPU
		{B0BD9095-3636-4A5B-90CD-C2862130CA6C}.Debug|Any CPU.Build.0 = Debug|Any CPU
		{B0BD9095-3636-4A5B-90CD-C2862130CA6C}.Release|Any CPU.ActiveCfg = Release|Any CPU
		{B0BD9095-3636-4A5B-90CD-C2862130CA6C}.Release|Any CPU.Build.0 = Release|Any CPU
	EndGlobalSection
	GlobalSection(SolutionProperties) = preSolution
		HideSolutionNode = FALSE
	EndGlobalSection
	GlobalSection(ExtensibilityGlobals) = postSolution
		SolutionGuid = {3D1F3F2D-7687-4043-B367-0F640C78FFF4}
	EndGlobalSection
EndGlobal
